
Microsoft Visual Studio Solution File, Format Version 12.00
# Visual Studio Version 16
VisualStudioVersion = 16.0.31729.503
MinimumVisualStudioVersion = 10.0.40219.1
Project("{FAE04EC0-301F-11D3-BF4B-00C04F79EFBC}") = "affectation des options", "affectation des options\affectation des options.csproj", "{C46B4E46-CCE2-4F04-8AB9-D4E2DD148190}"
EndProject
Global
	GlobalSection(SolutionConfigurationPlatforms) = preSolution
		Debug|Any CPU = Debug|Any CPU
		Release|Any CPU = Release|Any CPU
	EndGlobalSection
	GlobalSection(ProjectConfigurationPlatforms) = postSolution
		{C46B4E46-CCE2-4F04-8AB9-D4E2DD148190}.Debug|Any CPU.ActiveCfg = Debug|Any CPU
		{C46B4E46-CCE2-4F04-8AB9-D4E2DD148190}.Debug|Any CPU.Build.0 = Debug|Any CPU
		{C46B4E46-CCE2-4F04-8AB9-D4E2DD148190}.Release|Any CPU.ActiveCfg = Release|Any CPU
		{C46B4E46-CCE2-4F04-8AB9-D4E2DD148190}.Release|Any CPU.Build.0 = Release|Any CPU
	EndGlobalSection
	GlobalSection(SolutionProperties) = preSolution
		HideSolutionNode = FALSE
	EndGlobalSection
	GlobalSection(ExtensibilityGlobals) = postSolution
		SolutionGuid = {D9BCF1B8-5230-4D59-9CF7-169ABC8F14DD}
	EndGlobalSection
EndGlobal
